
Microsoft Visual Studio Solution File, Format Version 12.00
# Visual Studio Version 16
VisualStudioVersion = 16.0.30413.136
MinimumVisualStudioVersion = 10.0.40219.1
Project("{FAE04EC0-301F-11D3-BF4B-00C04F79EFBC}") = "MathQuiz", "MathQuiz\MathQuiz.csproj", "{1201F890-2CF5-494D-8D21-E0CD92AF6B2A}"
EndProject
Global
	GlobalSection(SolutionConfigurationPlatforms) = preSolution
		Debug|Any CPU = Debug|Any CPU
		Release|Any CPU = Release|Any CPU
	EndGlobalSection
	GlobalSection(ProjectConfigurationPlatforms) = postSolution
		{1201F890-2CF5-494D-8D21-E0CD92AF6B2A}.Debug|Any CPU.ActiveCfg = Debug|Any CPU
		{1201F890-2CF5-494D-8D21-E0CD92AF6B2A}.Debug|Any CPU.Build.0 = Debug|Any CPU
		{1201F890-2CF5-494D-8D21-E0CD92AF6B2A}.Release|Any CPU.ActiveCfg = Release|Any CPU
		{1201F890-2CF5-494D-8D21-E0CD92AF6B2A}.Release|Any CPU.Build.0 = Release|Any CPU
	EndGlobalSection
	GlobalSection(SolutionProperties) = preSolution
		HideSolutionNode = FALSE
	EndGlobalSection
	GlobalSection(ExtensibilityGlobals) = postSolution
		SolutionGuid = {FAF08687-C66E-473E-A3FE-04FD6DFE19FE}
	EndGlobalSection
EndGlobal
